
Microsoft Visual Studio Solution File, Format Version 12.00
# Visual Studio 14
VisualStudioVersion = 14.0.25420.1
MinimumVisualStudioVersion = 10.0.40219.1
Project("{FAE04EC0-301F-11D3-BF4B-00C04F79EFBC}") = "Shuttle.Recall.Sql.Storage", "Shuttle.Recall.Sql.Storage\Shuttle.Recall.Sql.Storage.csproj", "{8B9CB073-9BED-46A5-951F-97473CE9D895}"
EndProject
Project("{FAE04EC0-301F-11D3-BF4B-00C04F79EFBC}") = "Shuttle.Recall.Sql.Storage.Tests", "Shuttle.Recall.Sql.Storage.Tests\Shuttle.Recall.Sql.Storage.Tests.csproj", "{3F82B456-D536-4E9C-B4DB-B8E32E87AFFE}"
EndProject
Project("{2150E333-8FDC-42A3-9474-1A3956D46DE8}") = ".build", ".build", "{E270853E-0A7D-456A-859A-6EDC932DB196}"
	ProjectSection(SolutionItems) = preProject
		.build\package.msbuild = .build\package.msbuild
		.build\package.nuspec = .build\package.nuspec
		.build\Shuttle.Core.MSBuild.dll = .build\Shuttle.Core.MSBuild.dll
		.build\Shuttle.Core.MSBuild.targets = .build\Shuttle.Core.MSBuild.targets
	EndProjectSection
EndProject
Project("{2150E333-8FDC-42A3-9474-1A3956D46DE8}") = "Solution Items", "Solution Items", "{77740C93-0ED7-4764-AE7C-8B81A4CC1F4F}"
	ProjectSection(SolutionItems) = preProject
		LICENSE = LICENSE
		README.md = README.md
	EndProjectSection
EndProject
Global
	GlobalSection(SolutionConfigurationPlatforms) = preSolution
		Debug|Any CPU = Debug|Any CPU
		Release|Any CPU = Release|Any CPU
	EndGlobalSection
	GlobalSection(ProjectConfigurationPlatforms) = postSolution
		{8B9CB073-9BED-46A5-951F-97473CE9D895}.Debug|Any CPU.ActiveCfg = Debug|Any CPU
		{8B9CB073-9BED-46A5-951F-97473CE9D895}.Debug|Any CPU.Build.0 = Debug|Any CPU
		{8B9CB073-9BED-46A5-951F-97473CE9D895}.Release|Any CPU.ActiveCfg = Release|Any CPU
		{8B9CB073-9BED-46A5-951F-97473CE9D895}.Release|Any CPU.Build.0 = Release|Any CPU
		{3F82B456-D536-4E9C-B4DB-B8E32E87AFFE}.Debug|Any CPU.ActiveCfg = Debug|Any CPU
		{3F82B456-D536-4E9C-B4DB-B8E32E87AFFE}.Debug|Any CPU.Build.0 = Debug|Any CPU
		{3F82B456-D536-4E9C-B4DB-B8E32E87AFFE}.Release|Any CPU.ActiveCfg = Release|Any CPU
		{3F82B456-D536-4E9C-B4DB-B8E32E87AFFE}.Release|Any CPU.Build.0 = Release|Any CPU
	EndGlobalSection
	GlobalSection(SolutionProperties) = preSolution
		HideSolutionNode = FALSE
	EndGlobalSection
EndGlobal
